
Microsoft Visual Studio Solution File, Format Version 12.00
# Visual Studio Version 17
VisualStudioVersion = 17.6.33723.286
MinimumVisualStudioVersion = 10.0.40219.1
Project("{FAE04EC0-301F-11D3-BF4B-00C04F79EFBC}") = "Module 8", "Module 8\Module 8.csproj", "{47C20C3E-9394-4B3E-9A55-819F5A00EEFB}"
EndProject
Global
	GlobalSection(SolutionConfigurationPlatforms) = preSolution
		Debug|Any CPU = Debug|Any CPU
		Release|Any CPU = Release|Any CPU
	EndGlobalSection
	GlobalSection(ProjectConfigurationPlatforms) = postSolution
		{47C20C3E-9394-4B3E-9A55-819F5A00EEFB}.Debug|Any CPU.ActiveCfg = Debug|Any CPU
		{47C20C3E-9394-4B3E-9A55-819F5A00EEFB}.Debug|Any CPU.Build.0 = Debug|Any CPU
		{47C20C3E-9394-4B3E-9A55-819F5A00EEFB}.Release|Any CPU.ActiveCfg = Release|Any CPU
		{47C20C3E-9394-4B3E-9A55-819F5A00EEFB}.Release|Any CPU.Build.0 = Release|Any CPU
	EndGlobalSection
	GlobalSection(SolutionProperties) = preSolution
		HideSolutionNode = FALSE
	EndGlobalSection
	GlobalSection(ExtensibilityGlobals) = postSolution
		SolutionGuid = {DA659D71-A8CF-4086-9A9F-43ECBDBBA27F}
	EndGlobalSection
EndGlobal
